
Microsoft Visual Studio Solution File, Format Version 12.00
# Visual Studio Version 17
VisualStudioVersion = 17.9.34728.123
MinimumVisualStudioVersion = 10.0.40219.1
Project("{FAE04EC0-301F-11D3-BF4B-00C04F79EFBC}") = "Stadium", "Stadium.csproj", "{4894E6EA-39CB-4C9B-8340-A22C5F38FD59}"
EndProject
Project("{FAE04EC0-301F-11D3-BF4B-00C04F79EFBC}") = "Map", "..\Map\Map.csproj", "{B3C41A67-08A9-421C-8EC7-66DFA88D7FE1}"
EndProject
Global
	GlobalSection(SolutionConfigurationPlatforms) = preSolution
		Debug|Any CPU = Debug|Any CPU
		Release|Any CPU = Release|Any CPU
	EndGlobalSection
	GlobalSection(ProjectConfigurationPlatforms) = postSolution
		{4894E6EA-39CB-4C9B-8340-A22C5F38FD59}.Debug|Any CPU.ActiveCfg = Debug|Any CPU
		{4894E6EA-39CB-4C9B-8340-A22C5F38FD59}.Debug|Any CPU.Build.0 = Debug|Any CPU
		{4894E6EA-39CB-4C9B-8340-A22C5F38FD59}.Release|Any CPU.ActiveCfg = Release|Any CPU
		{4894E6EA-39CB-4C9B-8340-A22C5F38FD59}.Release|Any CPU.Build.0 = Release|Any CPU
		{B3C41A67-08A9-421C-8EC7-66DFA88D7FE1}.Debug|Any CPU.ActiveCfg = Debug|Any CPU
		{B3C41A67-08A9-421C-8EC7-66DFA88D7FE1}.Debug|Any CPU.Build.0 = Debug|Any CPU
		{B3C41A67-08A9-421C-8EC7-66DFA88D7FE1}.Release|Any CPU.ActiveCfg = Release|Any CPU
		{B3C41A67-08A9-421C-8EC7-66DFA88D7FE1}.Release|Any CPU.Build.0 = Release|Any CPU
	EndGlobalSection
	GlobalSection(SolutionProperties) = preSolution
		HideSolutionNode = FALSE
	EndGlobalSection
	GlobalSection(ExtensibilityGlobals) = postSolution
		SolutionGuid = {011628CD-34CA-4958-876F-7E9F0B2655D9}
	EndGlobalSection
EndGlobal
